
Microsoft Visual Studio Solution File, Format Version 12.00
# Visual Studio Version 17
VisualStudioVersion = 17.9.34728.123
MinimumVisualStudioVersion = 10.0.40219.1
Project("{FAE04EC0-301F-11D3-BF4B-00C04F79EFBC}") = "Ex03ProblemaEscola", "Ex03ProblemaEscola.csproj", "{FBD018F4-EC87-4E35-9BD5-0E5E0E31CF82}"
EndProject
Global
	GlobalSection(SolutionConfigurationPlatforms) = preSolution
		Debug|Any CPU = Debug|Any CPU
		Release|Any CPU = Release|Any CPU
	EndGlobalSection
	GlobalSection(ProjectConfigurationPlatforms) = postSolution
		{FBD018F4-EC87-4E35-9BD5-0E5E0E31CF82}.Debug|Any CPU.ActiveCfg = Debug|Any CPU
		{FBD018F4-EC87-4E35-9BD5-0E5E0E31CF82}.Debug|Any CPU.Build.0 = Debug|Any CPU
		{FBD018F4-EC87-4E35-9BD5-0E5E0E31CF82}.Release|Any CPU.ActiveCfg = Release|Any CPU
		{FBD018F4-EC87-4E35-9BD5-0E5E0E31CF82}.Release|Any CPU.Build.0 = Release|Any CPU
	EndGlobalSection
	GlobalSection(SolutionProperties) = preSolution
		HideSolutionNode = FALSE
	EndGlobalSection
	GlobalSection(ExtensibilityGlobals) = postSolution
		SolutionGuid = {192D81CB-7BEE-4092-B2C4-4055D187AD30}
	EndGlobalSection
EndGlobal
