
Microsoft Visual Studio Solution File, Format Version 12.00
# Visual Studio Version 17
VisualStudioVersion = 17.9.34728.123
MinimumVisualStudioVersion = 10.0.40219.1
Project("{FAE04EC0-301F-11D3-BF4B-00C04F79EFBC}") = "Ex04ProblemaRestaurante", "Ex04ProblemaRestaurante.csproj", "{0EA2D045-6181-47C8-8C4E-9E690FE4D331}"
EndProject
Global
	GlobalSection(SolutionConfigurationPlatforms) = preSolution
		Debug|Any CPU = Debug|Any CPU
		Release|Any CPU = Release|Any CPU
	EndGlobalSection
	GlobalSection(ProjectConfigurationPlatforms) = postSolution
		{0EA2D045-6181-47C8-8C4E-9E690FE4D331}.Debug|Any CPU.ActiveCfg = Debug|Any CPU
		{0EA2D045-6181-47C8-8C4E-9E690FE4D331}.Debug|Any CPU.Build.0 = Debug|Any CPU
		{0EA2D045-6181-47C8-8C4E-9E690FE4D331}.Release|Any CPU.ActiveCfg = Release|Any CPU
		{0EA2D045-6181-47C8-8C4E-9E690FE4D331}.Release|Any CPU.Build.0 = Release|Any CPU
	EndGlobalSection
	GlobalSection(SolutionProperties) = preSolution
		HideSolutionNode = FALSE
	EndGlobalSection
	GlobalSection(ExtensibilityGlobals) = postSolution
		SolutionGuid = {673B7AEB-7AB1-478B-90F4-3D0EB99EA0D7}
	EndGlobalSection
EndGlobal
