
Microsoft Visual Studio Solution File, Format Version 12.00
# Visual Studio Version 17
VisualStudioVersion = 17.9.34701.34
MinimumVisualStudioVersion = 10.0.40219.1
Project("{FAE04EC0-301F-11D3-BF4B-00C04F79EFBC}") = "Ex02ListasDeLinguagens", "Ex02ListasDeLinguagens.csproj", "{C1A78D75-FC87-42D5-9E22-FA3E4ACAD4A7}"
EndProject
Global
	GlobalSection(SolutionConfigurationPlatforms) = preSolution
		Debug|Any CPU = Debug|Any CPU
		Release|Any CPU = Release|Any CPU
	EndGlobalSection
	GlobalSection(ProjectConfigurationPlatforms) = postSolution
		{C1A78D75-FC87-42D5-9E22-FA3E4ACAD4A7}.Debug|Any CPU.ActiveCfg = Debug|Any CPU
		{C1A78D75-FC87-42D5-9E22-FA3E4ACAD4A7}.Debug|Any CPU.Build.0 = Debug|Any CPU
		{C1A78D75-FC87-42D5-9E22-FA3E4ACAD4A7}.Release|Any CPU.ActiveCfg = Release|Any CPU
		{C1A78D75-FC87-42D5-9E22-FA3E4ACAD4A7}.Release|Any CPU.Build.0 = Release|Any CPU
	EndGlobalSection
	GlobalSection(SolutionProperties) = preSolution
		HideSolutionNode = FALSE
	EndGlobalSection
	GlobalSection(ExtensibilityGlobals) = postSolution
		SolutionGuid = {C2A3AEF8-63BE-4FAB-B1BB-17BF066F7041}
	EndGlobalSection
EndGlobal
